
Microsoft Visual Studio Solution File, Format Version 12.00
# Visual Studio Version 16
VisualStudioVersion = 16.0.29424.173
MinimumVisualStudioVersion = 10.0.40219.1
Project("{FAE04EC0-301F-11D3-BF4B-00C04F79EFBC}") = "HomeWork2019.12.23(CastleWindsor).Web", "HomeWork2019.12.23(CastleWindsor).Web\HomeWork2019.12.23(CastleWindsor).Web.csproj", "{CC482E0C-B254-42F1-9927-870201103223}"
EndProject
Project("{FAE04EC0-301F-11D3-BF4B-00C04F79EFBC}") = "HomeWork2019.12.23(CastleWindsor).AbstractModels", "HomeWork2019.12.23(CastleWindsor).AbstractModels\HomeWork2019.12.23(CastleWindsor).AbstractModels.csproj", "{B6326D37-4FE6-472F-AB8B-9F74053E8FF4}"
EndProject
Project("{FAE04EC0-301F-11D3-BF4B-00C04F79EFBC}") = "HomeWork2019.12.23(CastleWindsor).Models", "HomeWork2019.12.23(CastleWindsor).Models\HomeWork2019.12.23(CastleWindsor).Models.csproj", "{EE7F1187-4114-4019-8001-2ECBB70CBE5A}"
EndProject
Project("{FAE04EC0-301F-11D3-BF4B-00C04F79EFBC}") = "HomeWork2019.12.23(CastleWindsor).DataAccess", "HomeWork2019.12.23(CastleWindsor).DataAccess\HomeWork2019.12.23(CastleWindsor).DataAccess.csproj", "{D75EDF8A-DFCD-4737-A6A0-F5BD0CE70A0F}"
EndProject
Project("{FAE04EC0-301F-11D3-BF4B-00C04F79EFBC}") = "HomeWork2019.12.23(CastleWindsor).Services", "HomeWork2019.12.23(CastleWindsor).Services\HomeWork2019.12.23(CastleWindsor).Services.csproj", "{A1207082-6E59-4335-BBA8-44C38C54E022}"
EndProject
Global
	GlobalSection(SolutionConfigurationPlatforms) = preSolution
		Debug|Any CPU = Debug|Any CPU
		Release|Any CPU = Release|Any CPU
	EndGlobalSection
	GlobalSection(ProjectConfigurationPlatforms) = postSolution
		{CC482E0C-B254-42F1-9927-870201103223}.Debug|Any CPU.ActiveCfg = Debug|Any CPU
		{CC482E0C-B254-42F1-9927-870201103223}.Debug|Any CPU.Build.0 = Debug|Any CPU
		{CC482E0C-B254-42F1-9927-870201103223}.Release|Any CPU.ActiveCfg = Release|Any CPU
		{CC482E0C-B254-42F1-9927-870201103223}.Release|Any CPU.Build.0 = Release|Any CPU
		{B6326D37-4FE6-472F-AB8B-9F74053E8FF4}.Debug|Any CPU.ActiveCfg = Debug|Any CPU
		{B6326D37-4FE6-472F-AB8B-9F74053E8FF4}.Debug|Any CPU.Build.0 = Debug|Any CPU
		{B6326D37-4FE6-472F-AB8B-9F74053E8FF4}.Release|Any CPU.ActiveCfg = Release|Any CPU
		{B6326D37-4FE6-472F-AB8B-9F74053E8FF4}.Release|Any CPU.Build.0 = Release|Any CPU
		{EE7F1187-4114-4019-8001-2ECBB70CBE5A}.Debug|Any CPU.ActiveCfg = Debug|Any CPU
		{EE7F1187-4114-4019-8001-2ECBB70CBE5A}.Debug|Any CPU.Build.0 = Debug|Any CPU
		{EE7F1187-4114-4019-8001-2ECBB70CBE5A}.Release|Any CPU.ActiveCfg = Release|Any CPU
		{EE7F1187-4114-4019-8001-2ECBB70CBE5A}.Release|Any CPU.Build.0 = Release|Any CPU
		{D75EDF8A-DFCD-4737-A6A0-F5BD0CE70A0F}.Debug|Any CPU.ActiveCfg = Debug|Any CPU
		{D75EDF8A-DFCD-4737-A6A0-F5BD0CE70A0F}.Debug|Any CPU.Build.0 = Debug|Any CPU
		{D75EDF8A-DFCD-4737-A6A0-F5BD0CE70A0F}.Release|Any CPU.ActiveCfg = Release|Any CPU
		{D75EDF8A-DFCD-4737-A6A0-F5BD0CE70A0F}.Release|Any CPU.Build.0 = Release|Any CPU
		{A1207082-6E59-4335-BBA8-44C38C54E022}.Debug|Any CPU.ActiveCfg = Debug|Any CPU
		{A1207082-6E59-4335-BBA8-44C38C54E022}.Debug|Any CPU.Build.0 = Debug|Any CPU
		{A1207082-6E59-4335-BBA8-44C38C54E022}.Release|Any CPU.ActiveCfg = Release|Any CPU
		{A1207082-6E59-4335-BBA8-44C38C54E022}.Release|Any CPU.Build.0 = Release|Any CPU
	EndGlobalSection
	GlobalSection(SolutionProperties) = preSolution
		HideSolutionNode = FALSE
	EndGlobalSection
	GlobalSection(ExtensibilityGlobals) = postSolution
		SolutionGuid = {6C248CD9-6A99-41A1-B95D-A8BBB577B9D0}
	EndGlobalSection
EndGlobal
